
Microsoft Visual Studio Solution File, Format Version 12.00
# Visual Studio 15
VisualStudioVersion = 15.0.28307.329
MinimumVisualStudioVersion = 10.0.40219.1
Project("{FAE04EC0-301F-11D3-BF4B-00C04F79EFBC}") = "SVGTest.Android", "SVGTest\SVGTest.Android\SVGTest.Android.csproj", "{768F8022-1FD6-4EB9-AB71-3D9AD02264C6}"
EndProject
Project("{FAE04EC0-301F-11D3-BF4B-00C04F79EFBC}") = "SVGTest", "SVGTest\SVGTest\SVGTest.csproj", "{71B3AC2A-2DC6-4BE0-942E-8460D6175479}"
EndProject
Global
	GlobalSection(SolutionConfigurationPlatforms) = preSolution
		Debug|Any CPU = Debug|Any CPU
		Release|Any CPU = Release|Any CPU
	EndGlobalSection
	GlobalSection(ProjectConfigurationPlatforms) = postSolution
		{768F8022-1FD6-4EB9-AB71-3D9AD02264C6}.Debug|Any CPU.ActiveCfg = Debug|Any CPU
		{768F8022-1FD6-4EB9-AB71-3D9AD02264C6}.Debug|Any CPU.Build.0 = Debug|Any CPU
		{768F8022-1FD6-4EB9-AB71-3D9AD02264C6}.Debug|Any CPU.Deploy.0 = Debug|Any CPU
		{768F8022-1FD6-4EB9-AB71-3D9AD02264C6}.Release|Any CPU.ActiveCfg = Release|Any CPU
		{768F8022-1FD6-4EB9-AB71-3D9AD02264C6}.Release|Any CPU.Build.0 = Release|Any CPU
		{768F8022-1FD6-4EB9-AB71-3D9AD02264C6}.Release|Any CPU.Deploy.0 = Release|Any CPU
		{71B3AC2A-2DC6-4BE0-942E-8460D6175479}.Debug|Any CPU.ActiveCfg = Debug|Any CPU
		{71B3AC2A-2DC6-4BE0-942E-8460D6175479}.Debug|Any CPU.Build.0 = Debug|Any CPU
		{71B3AC2A-2DC6-4BE0-942E-8460D6175479}.Release|Any CPU.ActiveCfg = Release|Any CPU
		{71B3AC2A-2DC6-4BE0-942E-8460D6175479}.Release|Any CPU.Build.0 = Release|Any CPU
	EndGlobalSection
	GlobalSection(SolutionProperties) = preSolution
		HideSolutionNode = FALSE
	EndGlobalSection
	GlobalSection(ExtensibilityGlobals) = postSolution
		SolutionGuid = {3B7A238D-9C6B-4DFC-929B-B5B0754D8BAC}
	EndGlobalSection
EndGlobal
